# Posters from:
# https://mediux.pro/sets/31646

metadata:

  176941: # Sherlock (2010)
    url_poster: "https://api.mediux.pro/assets/b67c2a84-03fb-4f2c-95d2-b6037474327a"
    seasons:
      1:
        url_poster: "https://api.mediux.pro/assets/0736a001-1430-4be2-9daa-ec97258c4a1e"
      2:
        url_poster: "https://api.mediux.pro/assets/bf020175-c949-403f-b7bf-e0d9df155f66"
      3:
        url_poster: "https://api.mediux.pro/assets/440dfe60-df93-47e3-8238-ccf39d023be4"
      4:
        url_poster: "https://api.mediux.pro/assets/7f7776b6-86ec-4db6-bb09-11cf8959d2b3"
